
Microsoft Visual Studio Solution File, Format Version 12.00
# Visual Studio Version 16
VisualStudioVersion = 16.0.29230.47
MinimumVisualStudioVersion = 10.0.40219.1
Project("{FAE04EC0-301F-11D3-BF4B-00C04F79EFBC}") = "RestApiTesting", "RestApiTesting\RestApiTesting.csproj", "{4907C718-A7B9-48EC-8A2A-D847880658FF}"
EndProject
Project("{FAE04EC0-301F-11D3-BF4B-00C04F79EFBC}") = "RestApiTests", "ApiTests\RestApiTests.csproj", "{B360D1BF-2FAE-4876-8107-67AA5DCC7223}"
EndProject
Global
	GlobalSection(SolutionConfigurationPlatforms) = preSolution
		Debug|Any CPU = Debug|Any CPU
		Release|Any CPU = Release|Any CPU
	EndGlobalSection
	GlobalSection(ProjectConfigurationPlatforms) = postSolution
		{4907C718-A7B9-48EC-8A2A-D847880658FF}.Debug|Any CPU.ActiveCfg = Debug|Any CPU
		{4907C718-A7B9-48EC-8A2A-D847880658FF}.Debug|Any CPU.Build.0 = Debug|Any CPU
		{4907C718-A7B9-48EC-8A2A-D847880658FF}.Release|Any CPU.ActiveCfg = Release|Any CPU
		{4907C718-A7B9-48EC-8A2A-D847880658FF}.Release|Any CPU.Build.0 = Release|Any CPU
		{B360D1BF-2FAE-4876-8107-67AA5DCC7223}.Debug|Any CPU.ActiveCfg = Debug|Any CPU
		{B360D1BF-2FAE-4876-8107-67AA5DCC7223}.Debug|Any CPU.Build.0 = Debug|Any CPU
		{B360D1BF-2FAE-4876-8107-67AA5DCC7223}.Release|Any CPU.ActiveCfg = Release|Any CPU
		{B360D1BF-2FAE-4876-8107-67AA5DCC7223}.Release|Any CPU.Build.0 = Release|Any CPU
	EndGlobalSection
	GlobalSection(SolutionProperties) = preSolution
		HideSolutionNode = FALSE
	EndGlobalSection
	GlobalSection(ExtensibilityGlobals) = postSolution
		SolutionGuid = {4D6486EA-A6CB-4C4D-9454-AC4F9480342C}
	EndGlobalSection
EndGlobal
